
Microsoft Visual Studio Solution File, Format Version 12.00
Project("{FAE04EC0-301F-11D3-BF4B-00C04F79EFBC}") = "D1", "D1\D1.csproj", "{6E8CE85E-F8D0-4CB2-9BC4-B05A8DBD8D4E}"
EndProject
Project("{FAE04EC0-301F-11D3-BF4B-00C04F79EFBC}") = "D2", "D2\D2.csproj", "{3E686E9B-6877-4098-93C2-8A7A8583C709}"
EndProject
Project("{FAE04EC0-301F-11D3-BF4B-00C04F79EFBC}") = "D3", "D3\D3.csproj", "{9742B6CA-7F74-45EA-B378-6DDBB0D3D04C}"
EndProject
Project("{FAE04EC0-301F-11D3-BF4B-00C04F79EFBC}") = "D4", "D4\D4.csproj", "{8F8C6A5D-5B74-4501-9EE7-F66FC98EF00B}"
EndProject
Project("{FAE04EC0-301F-11D3-BF4B-00C04F79EFBC}") = "D5", "D5\D5.csproj", "{E2F13680-23B0-44CA-8FE8-50375E4F001C}"
EndProject
Project("{FAE04EC0-301F-11D3-BF4B-00C04F79EFBC}") = "D6", "D6\D6.csproj", "{83953AF5-D2BB-4D7C-944F-DC9CEECC3FB7}"
EndProject
Project("{FAE04EC0-301F-11D3-BF4B-00C04F79EFBC}") = "D7", "D7\D7.csproj", "{E4644DE7-E648-432E-9CE7-55B196FAB572}"
EndProject
Project("{FAE04EC0-301F-11D3-BF4B-00C04F79EFBC}") = "D8", "D8\D8.csproj", "{C8E070F4-D0FC-4EB5-B491-6DDAB353CB23}"
EndProject
Project("{FAE04EC0-301F-11D3-BF4B-00C04F79EFBC}") = "D9", "D9\D9.csproj", "{C04C86D3-BB5A-41A4-A4C3-FC433D58E16E}"
EndProject
Project("{FAE04EC0-301F-11D3-BF4B-00C04F79EFBC}") = "D10", "D10\D10.csproj", "{4650C627-9F1B-4B2B-AF07-2BE4DFAD20A6}"
EndProject
Project("{FAE04EC0-301F-11D3-BF4B-00C04F79EFBC}") = "D11", "D11\D11.csproj", "{AA34B549-DD0D-4A6F-B76E-0E998C074242}"
EndProject
Project("{FAE04EC0-301F-11D3-BF4B-00C04F79EFBC}") = "D12", "D12\D12.csproj", "{46153AA8-E368-4B29-AC93-B89A466B6906}"
EndProject
Project("{FAE04EC0-301F-11D3-BF4B-00C04F79EFBC}") = "D13", "D13\D13.csproj", "{FA25D0E0-048E-4111-8A6D-A1D0357FB6DF}"
EndProject
Project("{FAE04EC0-301F-11D3-BF4B-00C04F79EFBC}") = "D18", "D18\D18.csproj", "{84627CA1-A9E5-4435-86FF-B921542C79FF}"
EndProject
Project("{FAE04EC0-301F-11D3-BF4B-00C04F79EFBC}") = "D17", "D17\D17.csproj", "{685A5D7E-2C6F-4112-A502-BB1C8523F485}"
EndProject
Project("{FAE04EC0-301F-11D3-BF4B-00C04F79EFBC}") = "D16", "D16\D16.csproj", "{AE1EAAF5-5EEF-4175-9150-83D0718B30A4}"
EndProject
Project("{FAE04EC0-301F-11D3-BF4B-00C04F79EFBC}") = "D15", "D15\D15.csproj", "{8C4D0B75-3E2A-4412-9B58-4C3053A2525D}"
EndProject
Project("{FAE04EC0-301F-11D3-BF4B-00C04F79EFBC}") = "D14", "D14\D14.csproj", "{6AB82018-5C57-4A1C-B717-267AE5BDDE09}"
EndProject
Global
	GlobalSection(SolutionConfigurationPlatforms) = preSolution
		Debug|Any CPU = Debug|Any CPU
		Release|Any CPU = Release|Any CPU
	EndGlobalSection
	GlobalSection(ProjectConfigurationPlatforms) = postSolution
		{6E8CE85E-F8D0-4CB2-9BC4-B05A8DBD8D4E}.Debug|Any CPU.ActiveCfg = Debug|Any CPU
		{6E8CE85E-F8D0-4CB2-9BC4-B05A8DBD8D4E}.Debug|Any CPU.Build.0 = Debug|Any CPU
		{6E8CE85E-F8D0-4CB2-9BC4-B05A8DBD8D4E}.Release|Any CPU.ActiveCfg = Release|Any CPU
		{6E8CE85E-F8D0-4CB2-9BC4-B05A8DBD8D4E}.Release|Any CPU.Build.0 = Release|Any CPU
		{3E686E9B-6877-4098-93C2-8A7A8583C709}.Debug|Any CPU.ActiveCfg = Debug|Any CPU
		{3E686E9B-6877-4098-93C2-8A7A8583C709}.Debug|Any CPU.Build.0 = Debug|Any CPU
		{3E686E9B-6877-4098-93C2-8A7A8583C709}.Release|Any CPU.ActiveCfg = Release|Any CPU
		{3E686E9B-6877-4098-93C2-8A7A8583C709}.Release|Any CPU.Build.0 = Release|Any CPU
		{9742B6CA-7F74-45EA-B378-6DDBB0D3D04C}.Debug|Any CPU.ActiveCfg = Debug|Any CPU
		{9742B6CA-7F74-45EA-B378-6DDBB0D3D04C}.Debug|Any CPU.Build.0 = Debug|Any CPU
		{9742B6CA-7F74-45EA-B378-6DDBB0D3D04C}.Release|Any CPU.ActiveCfg = Release|Any CPU
		{9742B6CA-7F74-45EA-B378-6DDBB0D3D04C}.Release|Any CPU.Build.0 = Release|Any CPU
		{8F8C6A5D-5B74-4501-9EE7-F66FC98EF00B}.Debug|Any CPU.ActiveCfg = Debug|Any CPU
		{8F8C6A5D-5B74-4501-9EE7-F66FC98EF00B}.Debug|Any CPU.Build.0 = Debug|Any CPU
		{8F8C6A5D-5B74-4501-9EE7-F66FC98EF00B}.Release|Any CPU.ActiveCfg = Release|Any CPU
		{8F8C6A5D-5B74-4501-9EE7-F66FC98EF00B}.Release|Any CPU.Build.0 = Release|Any CPU
		{E2F13680-23B0-44CA-8FE8-50375E4F001C}.Debug|Any CPU.ActiveCfg = Debug|Any CPU
		{E2F13680-23B0-44CA-8FE8-50375E4F001C}.Debug|Any CPU.Build.0 = Debug|Any CPU
		{E2F13680-23B0-44CA-8FE8-50375E4F001C}.Release|Any CPU.ActiveCfg = Release|Any CPU
		{E2F13680-23B0-44CA-8FE8-50375E4F001C}.Release|Any CPU.Build.0 = Release|Any CPU
		{83953AF5-D2BB-4D7C-944F-DC9CEECC3FB7}.Debug|Any CPU.ActiveCfg = Debug|Any CPU
		{83953AF5-D2BB-4D7C-944F-DC9CEECC3FB7}.Debug|Any CPU.Build.0 = Debug|Any CPU
		{83953AF5-D2BB-4D7C-944F-DC9CEECC3FB7}.Release|Any CPU.ActiveCfg = Release|Any CPU
		{83953AF5-D2BB-4D7C-944F-DC9CEECC3FB7}.Release|Any CPU.Build.0 = Release|Any CPU
		{E4644DE7-E648-432E-9CE7-55B196FAB572}.Debug|Any CPU.ActiveCfg = Debug|Any CPU
		{E4644DE7-E648-432E-9CE7-55B196FAB572}.Debug|Any CPU.Build.0 = Debug|Any CPU
		{E4644DE7-E648-432E-9CE7-55B196FAB572}.Release|Any CPU.ActiveCfg = Release|Any CPU
		{E4644DE7-E648-432E-9CE7-55B196FAB572}.Release|Any CPU.Build.0 = Release|Any CPU
		{C8E070F4-D0FC-4EB5-B491-6DDAB353CB23}.Debug|Any CPU.ActiveCfg = Debug|Any CPU
		{C8E070F4-D0FC-4EB5-B491-6DDAB353CB23}.Debug|Any CPU.Build.0 = Debug|Any CPU
		{C8E070F4-D0FC-4EB5-B491-6DDAB353CB23}.Release|Any CPU.ActiveCfg = Release|Any CPU
		{C8E070F4-D0FC-4EB5-B491-6DDAB353CB23}.Release|Any CPU.Build.0 = Release|Any CPU
		{C04C86D3-BB5A-41A4-A4C3-FC433D58E16E}.Debug|Any CPU.ActiveCfg = Debug|Any CPU
		{C04C86D3-BB5A-41A4-A4C3-FC433D58E16E}.Debug|Any CPU.Build.0 = Debug|Any CPU
		{C04C86D3-BB5A-41A4-A4C3-FC433D58E16E}.Release|Any CPU.ActiveCfg = Release|Any CPU
		{C04C86D3-BB5A-41A4-A4C3-FC433D58E16E}.Release|Any CPU.Build.0 = Release|Any CPU
		{4650C627-9F1B-4B2B-AF07-2BE4DFAD20A6}.Debug|Any CPU.ActiveCfg = Debug|Any CPU
		{4650C627-9F1B-4B2B-AF07-2BE4DFAD20A6}.Debug|Any CPU.Build.0 = Debug|Any CPU
		{4650C627-9F1B-4B2B-AF07-2BE4DFAD20A6}.Release|Any CPU.ActiveCfg = Release|Any CPU
		{4650C627-9F1B-4B2B-AF07-2BE4DFAD20A6}.Release|Any CPU.Build.0 = Release|Any CPU
		{AA34B549-DD0D-4A6F-B76E-0E998C074242}.Debug|Any CPU.ActiveCfg = Debug|Any CPU
		{AA34B549-DD0D-4A6F-B76E-0E998C074242}.Debug|Any CPU.Build.0 = Debug|Any CPU
		{AA34B549-DD0D-4A6F-B76E-0E998C074242}.Release|Any CPU.ActiveCfg = Release|Any CPU
		{AA34B549-DD0D-4A6F-B76E-0E998C074242}.Release|Any CPU.Build.0 = Release|Any CPU
		{46153AA8-E368-4B29-AC93-B89A466B6906}.Debug|Any CPU.ActiveCfg = Debug|Any CPU
		{46153AA8-E368-4B29-AC93-B89A466B6906}.Debug|Any CPU.Build.0 = Debug|Any CPU
		{46153AA8-E368-4B29-AC93-B89A466B6906}.Release|Any CPU.ActiveCfg = Release|Any CPU
		{46153AA8-E368-4B29-AC93-B89A466B6906}.Release|Any CPU.Build.0 = Release|Any CPU
		{FA25D0E0-048E-4111-8A6D-A1D0357FB6DF}.Debug|Any CPU.ActiveCfg = Debug|Any CPU
		{FA25D0E0-048E-4111-8A6D-A1D0357FB6DF}.Debug|Any CPU.Build.0 = Debug|Any CPU
		{FA25D0E0-048E-4111-8A6D-A1D0357FB6DF}.Release|Any CPU.ActiveCfg = Release|Any CPU
		{FA25D0E0-048E-4111-8A6D-A1D0357FB6DF}.Release|Any CPU.Build.0 = Release|Any CPU
		{84627CA1-A9E5-4435-86FF-B921542C79FF}.Debug|Any CPU.ActiveCfg = Debug|Any CPU
		{84627CA1-A9E5-4435-86FF-B921542C79FF}.Debug|Any CPU.Build.0 = Debug|Any CPU
		{84627CA1-A9E5-4435-86FF-B921542C79FF}.Release|Any CPU.ActiveCfg = Release|Any CPU
		{84627CA1-A9E5-4435-86FF-B921542C79FF}.Release|Any CPU.Build.0 = Release|Any CPU
		{685A5D7E-2C6F-4112-A502-BB1C8523F485}.Debug|Any CPU.ActiveCfg = Debug|Any CPU
		{685A5D7E-2C6F-4112-A502-BB1C8523F485}.Debug|Any CPU.Build.0 = Debug|Any CPU
		{685A5D7E-2C6F-4112-A502-BB1C8523F485}.Release|Any CPU.ActiveCfg = Release|Any CPU
		{685A5D7E-2C6F-4112-A502-BB1C8523F485}.Release|Any CPU.Build.0 = Release|Any CPU
		{AE1EAAF5-5EEF-4175-9150-83D0718B30A4}.Debug|Any CPU.ActiveCfg = Debug|Any CPU
		{AE1EAAF5-5EEF-4175-9150-83D0718B30A4}.Debug|Any CPU.Build.0 = Debug|Any CPU
		{AE1EAAF5-5EEF-4175-9150-83D0718B30A4}.Release|Any CPU.ActiveCfg = Release|Any CPU
		{AE1EAAF5-5EEF-4175-9150-83D0718B30A4}.Release|Any CPU.Build.0 = Release|Any CPU
		{8C4D0B75-3E2A-4412-9B58-4C3053A2525D}.Debug|Any CPU.ActiveCfg = Debug|Any CPU
		{8C4D0B75-3E2A-4412-9B58-4C3053A2525D}.Debug|Any CPU.Build.0 = Debug|Any CPU
		{8C4D0B75-3E2A-4412-9B58-4C3053A2525D}.Release|Any CPU.ActiveCfg = Release|Any CPU
		{8C4D0B75-3E2A-4412-9B58-4C3053A2525D}.Release|Any CPU.Build.0 = Release|Any CPU
		{6AB82018-5C57-4A1C-B717-267AE5BDDE09}.Debug|Any CPU.ActiveCfg = Debug|Any CPU
		{6AB82018-5C57-4A1C-B717-267AE5BDDE09}.Debug|Any CPU.Build.0 = Debug|Any CPU
		{6AB82018-5C57-4A1C-B717-267AE5BDDE09}.Release|Any CPU.ActiveCfg = Release|Any CPU
		{6AB82018-5C57-4A1C-B717-267AE5BDDE09}.Release|Any CPU.Build.0 = Release|Any CPU
	EndGlobalSection
EndGlobal
